// !$*UTF8*$!
{
	archiveVersion = 1;
	classes = {
	};
	objectVersion = 46;
	objects = {

/* Begin PBXBuildFile section */
		98B3288E1D59C19C00C98CA4 /* AppDelegate.swift in Sources */ = {isa = PBXBuildFile; fileRef = 98B3288D1D59C19C00C98CA4 /* AppDelegate.swift */; };
		98B328901D59C19C00C98CA4 /* ViewController.swift in Sources */ = {isa = PBXBuildFile; fileRef = 98B3288F1D59C19C00C98CA4 /* ViewController.swift */; };
		98B328931D59C19C00C98CA4 /* Main.storyboard in Resources */ = {isa = PBXBuildFile; fileRef = 98B328911D59C19C00C98CA4 /* Main.storyboard */; };
		98B328951D59C19C00C98CA4 /* Assets.xcassets in Resources */ = {isa = PBXBuildFile; fileRef = 98B328941D59C19C00C98CA4 /* Assets.xcassets */; };
		98B328981D59C19C00C98CA4 /* LaunchScreen.storyboard in Resources */ = {isa = PBXBuildFile; fileRef = 98B328961D59C19C00C98CA4 /* LaunchScreen.storyboard */; };
		98B328A31D59C19C00C98CA4 /* CarServiceTests.swift in Sources */ = {isa = PBXBuildFile; fileRef = 98B328A21D59C19C00C98CA4 /* CarServiceTests.swift */; };
		98B328AE1D59C19C00C98CA4 /* CarServiceUITests.swift in Sources */ = {isa = PBXBuildFile; fileRef = 98B328AD1D59C19C00C98CA4 /* CarServiceUITests.swift */; };
		A15C79B45F82EF76900AFFB2 /* Pods_CarService.framework in Frameworks */ = {isa = PBXBuildFile; fileRef = 42ADF84FF237A81FC0091D4D /* Pods_CarService.framework */; };
/* End PBXBuildFile section */

/* Begin PBXContainerItemProxy section */
		98B3289F1D59C19C00C98CA4 /* PBXContainerItemProxy */ = {
			isa = PBXContainerItemProxy;
			containerPortal = 98B328821D59C19C00C98CA4 /* Project object */;
			proxyType = 1;
			remoteGlobalIDString = 98B328891D59C19C00C98CA4;
			remoteInfo = CarService;
		};
		98B328AA1D59C19C00C98CA4 /* PBXContainerItemProxy */ = {
			isa = PBXContainerItemProxy;
			containerPortal = 98B328821D59C19C00C98CA4 /* Project object */;
			proxyType = 1;
			remoteGlobalIDString = 98B328891D59C19C00C98CA4;
			remoteInfo = CarService;
		};
/* End PBXContainerItemProxy section */

/* Begin PBXFileReference section */
		2614F1B3F75648C0E0B41A28 /* Pods-CarService.debug.xcconfig */ = {isa = PBXFileReference; includeInIndex = 1; lastKnownFileType = text.xcconfig; name = "Pods-CarService.debug.xcconfig"; path = "Pods/Target Support Files/Pods-CarService/Pods-CarService.debug.xcconfig"; sourceTree = "<group>"; };
		42ADF84FF237A81FC0091D4D /* Pods_CarService.framework */ = {isa = PBXFileReference; explicitFileType = wrapper.framework; includeInIndex = 0; path = Pods_CarService.framework; sourceTree = BUILT_PRODUCTS_DIR; };
		98B3288A1D59C19C00C98CA4 /* CarService.app */ = {isa = PBXFileReference; explicitFileType = wrapper.application; includeInIndex = 0; path = CarService.app; sourceTree = BUILT_PRODUCTS_DIR; };
		98B3288D1D59C19C00C98CA4 /* AppDelegate.swift */ = {isa = PBXFileReference; lastKnownFileType = sourcecode.swift; path = AppDelegate.swift; sourceTree = "<group>"; };
		98B3288F1D59C19C00C98CA4 /* ViewController.swift */ = {isa = PBXFileReference; lastKnownFileType = sourcecode.swift; path = ViewController.swift; sourceTree = "<group>"; };
		98B328921D59C19C00C98CA4 /* Base */ = {isa = PBXFileReference; lastKnownFileType = file.storyboard; name = Base; path = Base.lproj/Main.storyboard; sourceTree = "<group>"; };
		98B328941D59C19C00C98CA4 /* Assets.xcassets */ = {isa = PBXFileReference; lastKnownFileType = folder.assetcatalog; path = Assets.xcassets; sourceTree = "<group>"; };
		98B328971D59C19C00C98CA4 /* Base */ = {isa = PBXFileReference; lastKnownFileType = file.storyboard; name = Base; path = Base.lproj/LaunchScreen.storyboard; sourceTree = "<group>"; };
		98B328991D59C19C00C98CA4 /* Info.plist */ = {isa = PBXFileReference; lastKnownFileType = text.plist.xml; path = Info.plist; sourceTree = "<group>"; };
		98B3289E1D59C19C00C98CA4 /* CarServiceTests.xctest */ = {isa = PBXFileReference; explicitFileType = wrapper.cfbundle; includeInIndex = 0; path = CarServiceTests.xctest; sourceTree = BUILT_PRODUCTS_DIR; };
		98B328A21D59C19C00C98CA4 /* CarServiceTests.swift */ = {isa = PBXFileReference; lastKnownFileType = sourcecode.swift; path = CarServiceTests.swift; sourceTree = "<group>"; };
		98B328A41D59C19C00C98CA4 /* Info.plist */ = {isa = PBXFileReference; lastKnownFileType = text.plist.xml; path = Info.plist; sourceTree = "<group>"; };
		98B328A91D59C19C00C98CA4 /* CarServiceUITests.xctest */ = {isa = PBXFileReference; explicitFileType = wrapper.cfbundle; includeInIndex = 0; path = CarServiceUITests.xctest; sourceTree = BUILT_PRODUCTS_DIR; };
		98B328AD1D59C19C00C98CA4 /* CarServiceUITests.swift */ = {isa = PBXFileReference; lastKnownFileType = sourcecode.swift; path = CarServiceUITests.swift; sourceTree = "<group>"; };
		98B328AF1D59C19C00C98CA4 /* Info.plist */ = {isa = PBXFileReference; lastKnownFileType = text.plist.xml; path = Info.plist; sourceTree = "<group>"; };
		D3906DDD2D50A899E79AAC18 /* Pods-CarService.release.xcconfig */ = {isa = PBXFileReference; includeInIndex = 1; lastKnownFileType = text.xcconfig; name = "Pods-CarService.release.xcconfig"; path = "Pods/Target Support Files/Pods-CarService/Pods-CarService.release.xcconfig"; sourceTree = "<group>"; };
/* End PBXFileReference section */

/* Begin PBXFrameworksBuildPhase section */
		98B328871D59C19C00C98CA4 /* Frameworks */ = {
			isa = PBXFrameworksBuildPhase;
			buildActionMask = 2147483647;
			files = (
				A15C79B45F82EF76900AFFB2 /* Pods_CarService.framework in Frameworks */,
			);
			runOnlyForDeploymentPostprocessing = 0;
		};
		98B3289B1D59C19C00C98CA4 /* Frameworks */ = {
			isa = PBXFrameworksBuildPhase;
			buildActionMask = 2147483647;
			files = (
			);
			runOnlyForDeploymentPostprocessing = 0;
		};
		98B328A61D59C19C00C98CA4 /* Frameworks */ = {
			isa = PBXFrameworksBuildPhase;
			buildActionMask = 2147483647;
			files = (
			);
			runOnlyForDeploymentPostprocessing = 0;
		};
/* End PBXFrameworksBuildPhase section */

/* Begin PBXGroup section */
		1897C38DD7A41DF7A9663E3E /* Frameworks */ = {
			isa = PBXGroup;
			children = (
				42ADF84FF237A81FC0091D4D /* Pods_CarService.framework */,
			);
			name = Frameworks;
			sourceTree = "<group>";
		};
		64609444E4D7C0DAFD7C84FF /* Pods */ = {
			isa = PBXGroup;
			children = (
				2614F1B3F75648C0E0B41A28 /* Pods-CarService.debug.xcconfig */,
				D3906DDD2D50A899E79AAC18 /* Pods-CarService.release.xcconfig */,
			);
			name = Pods;
			sourceTree = "<group>";
		};
		98B328811D59C19C00C98CA4 = {
			isa = PBXGroup;
			children = (
				98B3288C1D59C19C00C98CA4 /* CarService */,
				98B328A11D59C19C00C98CA4 /* CarServiceTests */,
				98B328AC1D59C19C00C98CA4 /* CarServiceUITests */,
				98B3288B1D59C19C00C98CA4 /* Products */,
				64609444E4D7C0DAFD7C84FF /* Pods */,
				1897C38DD7A41DF7A9663E3E /* Frameworks */,
			);
			sourceTree = "<group>";
		};
		98B3288B1D59C19C00C98CA4 /* Products */ = {
			isa = PBXGroup;
			children = (
				98B3288A1D59C19C00C98CA4 /* CarService.app */,
				98B3289E1D59C19C00C98CA4 /* CarServiceTests.xctest */,
				98B328A91D59C19C00C98CA4 /* CarServiceUITests.xctest */,
			);
			name = Products;
			sourceTree = "<group>";
		};
		98B3288C1D59C19C00C98CA4 /* CarService */ = {
			isa = PBXGroup;
			children = (
				98B3288D1D59C19C00C98CA4 /* AppDelegate.swift */,
				98B3288F1D59C19C00C98CA4 /* ViewController.swift */,
				98B328911D59C19C00C98CA4 /* Main.storyboard */,
				98B328941D59C19C00C98CA4 /* Assets.xcassets */,
				98B328961D59C19C00C98CA4 /* LaunchScreen.storyboard */,
				98B328991D59C19C00C98CA4 /* Info.plist */,
			);
			path = CarService;
			sourceTree = "<group>";
		};
		98B328A11D59C19C00C98CA4 /* CarServiceTests */ = {
			isa = PBXGroup;
			children = (
				98B328A21D59C19C00C98CA4 /* CarServiceTests.swift */,
				98B328A41D59C19C00C98CA4 /* Info.plist */,
			);
			path = CarServiceTests;
			sourceTree = "<group>";
		};
		98B328AC1D59C19C00C98CA4 /* CarServiceUITests */ = {
			isa = PBXGroup;
			children = (
				98B328AD1D59C19C00C98CA4 /* CarServiceUITests.swift */,
				98B328AF1D59C19C00C98CA4 /* Info.plist */,
			);
			path = CarServiceUITests;
			sourceTree = "<group>";
		};
/* End PBXGroup section */

/* Begin PBXNativeTarget section */
		98B328891D59C19C00C98CA4 /* CarService */ = {
			isa = PBXNativeTarget;
			buildConfigurationList = 98B328B21D59C19C00C98CA4 /* Build configuration list for PBXNativeTarget "CarService" */;
			buildPhases = (
				92879AE47842F6C61708E187 /* [CP] Check Pods Manifest.lock */,
				98B328861D59C19C00C98CA4 /* Sources */,
				98B328871D59C19C00C98CA4 /* Frameworks */,
				98B328881D59C19C00C98CA4 /* Resources */,
				2A8B94E14F918984439EF196 /* [CP] Embed Pods Frameworks */,
				B38E340C8AE8CEEBE5677D93 /* [CP] Copy Pods Resources */,
			);
			buildRules = (
			);
			dependencies = (
			);
			name = CarService;
			productName = CarService;
			productReference = 98B3288A1D59C19C00C98CA4 /* CarService.app */;
			productType = "com.apple.product-type.application";
		};
		98B3289D1D59C19C00C98CA4 /* CarServiceTests */ = {
			isa = PBXNativeTarget;
			buildConfigurationList = 98B328B51D59C19C00C98CA4 /* Build configuration list for PBXNativeTarget "CarServiceTests" */;
			buildPhases = (
				98B3289A1D59C19C00C98CA4 /* Sources */,
				98B3289B1D59C19C00C98CA4 /* Frameworks */,
				98B3289C1D59C19C00C98CA4 /* Resources */,
			);
			buildRules = (
			);
			dependencies = (
				98B328A01D59C19C00C98CA4 /* PBXTargetDependency */,
			);
			name = CarServiceTests;
			productName = CarServiceTests;
			productReference = 98B3289E1D59C19C00C98CA4 /* CarServiceTests.xctest */;
			productType = "com.apple.product-type.bundle.unit-test";
		};
		98B328A81D59C19C00C98CA4 /* CarServiceUITests */ = {
			isa = PBXNativeTarget;
			buildConfigurationList = 98B328B81D59C19C00C98CA4 /* Build configuration list for PBXNativeTarget "CarServiceUITests" */;
			buildPhases = (
				98B328A51D59C19C00C98CA4 /* Sources */,
				98B328A61D59C19C00C98CA4 /* Frameworks */,
				98B328A71D59C19C00C98CA4 /* Resources */,
			);
			buildRules = (
			);
			dependencies = (
				98B328AB1D59C19C00C98CA4 /* PBXTargetDependency */,
			);
			name = CarServiceUITests;
			productName = CarServiceUITests;
			productReference = 98B328A91D59C19C00C98CA4 /* CarServiceUITests.xctest */;
			productType = "com.apple.product-type.bundle.ui-testing";
		};
/* End PBXNativeTarget section */

/* Begin PBXProject section */
		98B328821D59C19C00C98CA4 /* Project object */ = {
			isa = PBXProject;
			attributes = {
				LastSwiftUpdateCheck = 0730;
				LastUpgradeCheck = 0730;
				ORGANIZATIONNAME = zch617;
				TargetAttributes = {
					98B328891D59C19C00C98CA4 = {
						CreatedOnToolsVersion = 7.3.1;
					};
					98B3289D1D59C19C00C98CA4 = {
						CreatedOnToolsVersion = 7.3.1;
						TestTargetID = 98B328891D59C19C00C98CA4;
					};
					98B328A81D59C19C00C98CA4 = {
						CreatedOnToolsVersion = 7.3.1;
						TestTargetID = 98B328891D59C19C00C98CA4;
					};
				};
			};
			buildConfigurationList = 98B328851D59C19C00C98CA4 /* Build configuration list for PBXProject "CarService" */;
			compatibilityVersion = "Xcode 3.2";
			developmentRegion = English;
			hasScannedForEncodings = 0;
			knownRegions = (
				en,
				Base,
			);
			mainGroup = 98B328811D59C19C00C98CA4;
			productRefGroup = 98B3288B1D59C19C00C98CA4 /* Products */;
			projectDirPath = "";
			projectRoot = "";
			targets = (
				98B328891D59C19C00C98CA4 /* CarService */,
				98B3289D1D59C19C00C98CA4 /* CarServiceTests */,
				98B328A81D59C19C00C98CA4 /* CarServiceUITests */,
			);
		};
/* End PBXProject section */

/* Begin PBXResourcesBuildPhase section */
		98B328881D59C19C00C98CA4 /* Resources */ = {
			isa = PBXResourcesBuildPhase;
			buildActionMask = 2147483647;
			files = (
				98B328981D59C19C00C98CA4 /* LaunchScreen.storyboard in Resources */,
				98B328951D59C19C00C98CA4 /* Assets.xcassets in Resources */,
				98B328931D59C19C00C98CA4 /* Main.storyboard in Resources */,
			);
			runOnlyForDeploymentPostprocessing = 0;
		};
		98B3289C1D59C19C00C98CA4 /* Resources */ = {
			isa = PBXResourcesBuildPhase;
			buildActionMask = 2147483647;
			files = (
			);
			runOnlyForDeploymentPostprocessing = 0;
		};
		98B328A71D59C19C00C98CA4 /* Resources */ = {
			isa = PBXResourcesBuildPhase;
			buildActionMask = 2147483647;
			files = (
			);
			runOnlyForDeploymentPostprocessing = 0;
		};
/* End PBXResourcesBuildPhase section */

/* Begin PBXShellScriptBuildPhase section */
		2A8B94E14F918984439EF196 /* [CP] Embed Pods Frameworks */ = {
			isa = PBXShellScriptBuildPhase;
			buildActionMask = 2147483647;
			files = (
			);
			inputPaths = (
			);
			name = "[CP] Embed Pods Frameworks";
			outputPaths = (
			);
			runOnlyForDeploymentPostprocessing = 0;
			shellPath = /bin/sh;
			shellScript = "\"${SRCROOT}/Pods/Target Support Files/Pods-CarService/Pods-CarService-frameworks.sh\"\n";
			showEnvVarsInLog = 0;
		};
		92879AE47842F6C61708E187 /* [CP] Check Pods Manifest.lock */ = {
			isa = PBXShellScriptBuildPhase;
			buildActionMask = 2147483647;
			files = (
			);
			inputPaths = (
			);
			name = "[CP] Check Pods Manifest.lock";
			outputPaths = (
			);
			runOnlyForDeploymentPostprocessing = 0;
			shellPath = /bin/sh;
			shellScript = "diff \"${PODS_ROOT}/../Podfile.lock\" \"${PODS_ROOT}/Manifest.lock\" > /dev/null\nif [[ $? != 0 ]] ; then\n    cat << EOM\nerror: The sandbox is not in sync with the Podfile.lock. Run 'pod install' or update your CocoaPods installation.\nEOM\n    exit 1\nfi\n";
			showEnvVarsInLog = 0;
		};
		B38E340C8AE8CEEBE5677D93 /* [CP] Copy Pods Resources */ = {
			isa = PBXShellScriptBuildPhase;
			buildActionMask = 2147483647;
			files = (
			);
			inputPaths = (
			);
			name = "[CP] Copy Pods Resources";
			outputPaths = (
			);
			runOnlyForDeploymentPostprocessing = 0;
			shellPath = /bin/sh;
			shellScript = "\"${SRCROOT}/Pods/Target Support Files/Pods-CarService/Pods-CarService-resources.sh\"\n";
			showEnvVarsInLog = 0;
		};
/* End PBXShellScriptBuildPhase section */

/* Begin PBXSourcesBuildPhase section */
		98B328861D59C19C00C98CA4 /* Sources */ = {
			isa = PBXSourcesBuildPhase;
			buildActionMask = 2147483647;
			files = (
				98B328901D59C19C00C98CA4 /* ViewController.swift in Sources */,
				98B3288E1D59C19C00C98CA4 /* AppDelegate.swift in Sources */,
			);
			runOnlyForDeploymentPostprocessing = 0;
		};
		98B3289A1D59C19C00C98CA4 /* Sources */ = {
			isa = PBXSourcesBuildPhase;
			buildActionMask = 2147483647;
			files = (
				98B328A31D59C19C00C98CA4 /* CarServiceTests.swift in Sources */,
			);
			runOnlyForDeploymentPostprocessing = 0;
		};
		98B328A51D59C19C00C98CA4 /* Sources */ = {
			isa = PBXSourcesBuildPhase;
			buildActionMask = 2147483647;
			files = (
				98B328AE1D59C19C00C98CA4 /* CarServiceUITests.swift in Sources */,
			);
			runOnlyForDeploymentPostprocessing = 0;
		};
/* End PBXSourcesBuildPhase section */

/* Begin PBXTargetDependency section */
		98B328A01D59C19C00C98CA4 /* PBXTargetDependency */ = {
			isa = PBXTargetDependency;
			target = 98B328891D59C19C00C98CA4 /* CarService */;
			targetProxy = 98B3289F1D59C19C00C98CA4 /* PBXContainerItemProxy */;
		};
		98B328AB1D59C19C00C98CA4 /* PBXTargetDependency */ = {
			isa = PBXTargetDependency;
			target = 98B328891D59C19C00C98CA4 /* CarService */;
			targetProxy = 98B328AA1D59C19C00C98CA4 /* PBXContainerItemProxy */;
		};
/* End PBXTargetDependency section */

/* Begin PBXVariantGroup section */
		98B328911D59C19C00C98CA4 /* Main.storyboard */ = {
			isa = PBXVariantGroup;
			children = (
				98B328921D59C19C00C98CA4 /* Base */,
			);
			name = Main.storyboard;
			sourceTree = "<group>";
		};
		98B328961D59C19C00C98CA4 /* LaunchScreen.storyboard */ = {
			isa = PBXVariantGroup;
			children = (
				98B328971D59C19C00C98CA4 /* Base */,
			);
			name = LaunchScreen.storyboard;
			sourceTree = "<group>";
		};
/* End PBXVariantGroup section */

/* Begin XCBuildConfiguration section */
		98B328B01D59C19C00C98CA4 /* Debug */ = {
			isa = XCBuildConfiguration;
			buildSettings = {
				ALWAYS_SEARCH_USER_PATHS = NO;
				CLANG_ANALYZER_NONNULL = YES;
				CLANG_CXX_LANGUAGE_STANDARD = "gnu++0x";
				CLANG_CXX_LIBRARY = "libc++";
				CLANG_ENABLE_MODULES = YES;
				CLANG_ENABLE_OBJC_ARC = YES;
				CLANG_WARN_BOOL_CONVERSION = YES;
				CLANG_WARN_CONSTANT_CONVERSION = YES;
				CLANG_WARN_DIRECT_OBJC_ISA_USAGE = YES_ERROR;
				CLANG_WARN_EMPTY_BODY = YES;
				CLANG_WARN_ENUM_CONVERSION = YES;
				CLANG_WARN_INT_CONVERSION = YES;
				CLANG_WARN_OBJC_ROOT_CLASS = YES_ERROR;
				CLANG_WARN_UNREACHABLE_CODE = YES;
				CLANG_WARN__DUPLICATE_METHOD_MATCH = YES;
				"CODE_SIGN_IDENTITY[sdk=iphoneos*]" = "iPhone Developer";
				COPY_PHASE_STRIP = NO;
				DEBUG_INFORMATION_FORMAT = dwarf;
				ENABLE_STRICT_OBJC_MSGSEND = YES;
				ENABLE_TESTABILITY = YES;
				GCC_C_LANGUAGE_STANDARD = gnu99;
				GCC_DYNAMIC_NO_PIC = NO;
				GCC_NO_COMMON_BLOCKS = YES;
				GCC_OPTIMIZATION_LEVEL = 0;
				GCC_PREPROCESSOR_DEFINITIONS = (
					"DEBUG=1",
					"$(inherited)",
				);
				GCC_WARN_64_TO_32_BIT_CONVERSION = YES;
				GCC_WARN_ABOUT_RETURN_TYPE = YES_ERROR;
				GCC_WARN_UNDECLARED_SELECTOR = YES;
				GCC_WARN_UNINITIALIZED_AUTOS = YES_AGGRESSIVE;
				GCC_WARN_UNUSED_FUNCTION = YES;
				GCC_WARN_UNUSED_VARIABLE = YES;
				IPHONEOS_DEPLOYMENT_TARGET = 9.3;
				MTL_ENABLE_DEBUG_INFO = YES;
				ONLY_ACTIVE_ARCH = YES;
				SDKROOT = iphoneos;
				SWIFT_OPTIMIZATION_LEVEL = "-Onone";
				TARGETED_DEVICE_FAMILY = "1,2";
			};
			name = Debug;
		};
		98B328B11D59C19C00C98CA4 /* Release */ = {
			isa = XCBuildConfiguration;
			buildSettings = {
				ALWAYS_SEARCH_USER_PATHS = NO;
				CLANG_ANALYZER_NONNULL = YES;
				CLANG_CXX_LANGUAGE_STANDARD = "gnu++0x";
				CLANG_CXX_LIBRARY = "libc++";
				CLANG_ENABLE_MODULES = YES;
				CLANG_ENABLE_OBJC_ARC = YES;
				CLANG_WARN_BOOL_CONVERSION = YES;
				CLANG_WARN_CONSTANT_CONVERSION = YES;
				CLANG_WARN_DIRECT_OBJC_ISA_USAGE = YES_ERROR;
				CLANG_WARN_EMPTY_BODY = YES;
				CLANG_WARN_ENUM_CONVERSION = YES;
				CLANG_WARN_INT_CONVERSION = YES;
				CLANG_WARN_OBJC_ROOT_CLASS = YES_ERROR;
				CLANG_WARN_UNREACHABLE_CODE = YES;
				CLANG_WARN__DUPLICATE_METHOD_MATCH = YES;
				"CODE_SIGN_IDENTITY[sdk=iphoneos*]" = "iPhone Developer";
				COPY_PHASE_STRIP = NO;
				DEBUG_INFORMATION_FORMAT = "dwarf-with-dsym";
				ENABLE_NS_ASSERTIONS = NO;
				ENABLE_STRICT_OBJC_MSGSEND = YES;
				GCC_C_LANGUAGE_STANDARD = gnu99;
				GCC_NO_COMMON_BLOCKS = YES;
				GCC_WARN_64_TO_32_BIT_CONVERSION = YES;
				GCC_WARN_ABOUT_RETURN_TYPE = YES_ERROR;
				GCC_WARN_UNDECLARED_SELECTOR = YES;
				GCC_WARN_UNINITIALIZED_AUTOS = YES_AGGRESSIVE;
				GCC_WARN_UNUSED_FUNCTION = YES;
				GCC_WARN_UNUSED_VARIABLE = YES;
				IPHONEOS_DEPLOYMENT_TARGET = 9.3;
				MTL_ENABLE_DEBUG_INFO = NO;
				SDKROOT = iphoneos;
				TARGETED_DEVICE_FAMILY = "1,2";
				VALIDATE_PRODUCT = YES;
			};
			name = Release;
		};
		98B328B31D59C19C00C98CA4 /* Debug */ = {
			isa = XCBuildConfiguration;
			baseConfigurationReference = 2614F1B3F75648C0E0B41A28 /* Pods-CarService.debug.xcconfig */;
			buildSettings = {
				ASSETCATALOG_COMPILER_APPICON_NAME = AppIcon;
				INFOPLIST_FILE = CarService/Info.plist;
				LD_RUNPATH_SEARCH_PATHS = "$(inherited) @executable_path/Frameworks";
				PRODUCT_BUNDLE_IDENTIFIER = com.zch617.CarService;
				PRODUCT_NAME = "$(TARGET_NAME)";
			};
			name = Debug;
		};
		98B328B41D59C19C00C98CA4 /* Release */ = {
			isa = XCBuildConfiguration;
			baseConfigurationReference = D3906DDD2D50A899E79AAC18 /* Pods-CarService.release.xcconfig */;
			buildSettings = {
				ASSETCATALOG_COMPILER_APPICON_NAME = AppIcon;
				INFOPLIST_FILE = CarService/Info.plist;
				LD_RUNPATH_SEARCH_PATHS = "$(inherited) @executable_path/Frameworks";
				PRODUCT_BUNDLE_IDENTIFIER = com.zch617.CarService;
				PRODUCT_NAME = "$(TARGET_NAME)";
			};
			name = Release;
		};
		98B328B61D59C19C00C98CA4 /* Debug */ = {
			isa = XCBuildConfiguration;
			buildSettings = {
				BUNDLE_LOADER = "$(TEST_HOST)";
				INFOPLIST_FILE = CarServiceTests/Info.plist;
				LD_RUNPATH_SEARCH_PATHS = "$(inherited) @executable_path/Frameworks @loader_path/Frameworks";
				PRODUCT_BUNDLE_IDENTIFIER = com.zch617.CarServiceTests;
				PRODUCT_NAME = "$(TARGET_NAME)";
				TEST_HOST = "$(BUILT_PRODUCTS_DIR)/CarService.app/CarService";
			};
			name = Debug;
		};
		98B328B71D59C19C00C98CA4 /* Release */ = {
			isa = XCBuildConfiguration;
			buildSettings = {
				BUNDLE_LOADER = "$(TEST_HOST)";
				INFOPLIST_FILE = CarServiceTests/Info.plist;
				LD_RUNPATH_SEARCH_PATHS = "$(inherited) @executable_path/Frameworks @loader_path/Frameworks";
				PRODUCT_BUNDLE_IDENTIFIER = com.zch617.CarServiceTests;
				PRODUCT_NAME = "$(TARGET_NAME)";
				TEST_HOST = "$(BUILT_PRODUCTS_DIR)/CarService.app/CarService";
			};
			name = Release;
		};
		98B328B91D59C19C00C98CA4 /* Debug */ = {
			isa = XCBuildConfiguration;
			buildSettings = {
				INFOPLIST_FILE = CarServiceUITests/Info.plist;
				LD_RUNPATH_SEARCH_PATHS = "$(inherited) @executable_path/Frameworks @loader_path/Frameworks";
				PRODUCT_BUNDLE_IDENTIFIER = com.zch617.CarServiceUITests;
				PRODUCT_NAME = "$(TARGET_NAME)";
				TEST_TARGET_NAME = CarService;
			};
			name = Debug;
		};
		98B328BA1D59C19C00C98CA4 /* Release */ = {
			isa = XCBuildConfiguration;
			buildSettings = {
				INFOPLIST_FILE = CarServiceUITests/Info.plist;
				LD_RUNPATH_SEARCH_PATHS = "$(inherited) @executable_path/Frameworks @loader_path/Frameworks";
				PRODUCT_BUNDLE_IDENTIFIER = com.zch617.CarServiceUITests;
				PRODUCT_NAME = "$(TARGET_NAME)";
				TEST_TARGET_NAME = CarService;
			};
			name = Release;
		};
/* End XCBuildConfiguration section */

/* Begin XCConfigurationList section */
		98B328851D59C19C00C98CA4 /* Build configuration list for PBXProject "CarService" */ = {
			isa = XCConfigurationList;
			buildConfigurations = (
				98B328B01D59C19C00C98CA4 /* Debug */,
				98B328B11D59C19C00C98CA4 /* Release */,
			);
			defaultConfigurationIsVisible = 0;
			defaultConfigurationName = Release;
		};
		98B328B21D59C19C00C98CA4 /* Build configuration list for PBXNativeTarget "CarService" */ = {
			isa = XCConfigurationList;
			buildConfigurations = (
				98B328B31D59C19C00C98CA4 /* Debug */,
				98B328B41D59C19C00C98CA4 /* Release */,
			);
			defaultConfigurationIsVisible = 0;
			defaultConfigurationName = Release;
		};
		98B328B51D59C19C00C98CA4 /* Build configuration list for PBXNativeTarget "CarServiceTests" */ = {
			isa = XCConfigurationList;
			buildConfigurations = (
				98B328B61D59C19C00C98CA4 /* Debug */,
				98B328B71D59C19C00C98CA4 /* Release */,
			);
			defaultConfigurationIsVisible = 0;
			defaultConfigurationName = Release;
		};
		98B328B81D59C19C00C98CA4 /* Build configuration list for PBXNativeTarget "CarServiceUITests" */ = {
			isa = XCConfigurationList;
			buildConfigurations = (
				98B328B91D59C19C00C98CA4 /* Debug */,
				98B328BA1D59C19C00C98CA4 /* Release */,
			);
			defaultConfigurationIsVisible = 0;
			defaultConfigurationName = Release;
		};
/* End XCConfigurationList section */
	};
	rootObject = 98B328821D59C19C00C98CA4 /* Project object */;
}
